
Microsoft Visual Studio Solution File, Format Version 12.00
# Visual Studio Version 16
VisualStudioVersion = 16.0.30204.135
MinimumVisualStudioVersion = 10.0.40219.1
Project("{FAE04EC0-301F-11D3-BF4B-00C04F79EFBC}") = "AGAREditor", "AGAREditor.csproj", "{9E251073-606F-4184-AD91-51CB028434F9}"
EndProject
Global
	GlobalSection(SolutionConfigurationPlatforms) = preSolution
		Debug|Any CPU = Debug|Any CPU
		Release|Any CPU = Release|Any CPU
	EndGlobalSection
	GlobalSection(ProjectConfigurationPlatforms) = postSolution
		{9E251073-606F-4184-AD91-51CB028434F9}.Debug|Any CPU.ActiveCfg = Debug|Any CPU
		{9E251073-606F-4184-AD91-51CB028434F9}.Debug|Any CPU.Build.0 = Debug|Any CPU
		{9E251073-606F-4184-AD91-51CB028434F9}.Release|Any CPU.ActiveCfg = Release|Any CPU
		{9E251073-606F-4184-AD91-51CB028434F9}.Release|Any CPU.Build.0 = Release|Any CPU
	EndGlobalSection
	GlobalSection(SolutionProperties) = preSolution
		HideSolutionNode = FALSE
	EndGlobalSection
	GlobalSection(ExtensibilityGlobals) = postSolution
		SolutionGuid = {5FFB8339-23A5-45FD-8AA8-9B8207158989}
	EndGlobalSection
EndGlobal
